// !$*UTF8*$!
{
	archiveVersion = 1;
	classes = {
	};
	objectVersion = 56;
	objects = {

/* Begin PBXBuildFile section */
		67ACA9092A961F88003A0D74 /* WhatTheDiffApp.swift in Sources */ = {isa = PBXBuildFile; fileRef = 67ACA9082A961F88003A0D74 /* WhatTheDiffApp.swift */; };
		67ACA90B2A961F88003A0D74 /* ContentView.swift in Sources */ = {isa = PBXBuildFile; fileRef = 67ACA90A2A961F88003A0D74 /* ContentView.swift */; };
		67ACA90D2A961F89003A0D74 /* Assets.xcassets in Resources */ = {isa = PBXBuildFile; fileRef = 67ACA90C2A961F89003A0D74 /* Assets.xcassets */; };
		67ACA9102A961F89003A0D74 /* Preview Assets.xcassets in Resources */ = {isa = PBXBuildFile; fileRef = 67ACA90F2A961F89003A0D74 /* Preview Assets.xcassets */; };
		67ACA91B2A961F89003A0D74 /* WhatTheDiffTests.swift in Sources */ = {isa = PBXBuildFile; fileRef = 67ACA91A2A961F89003A0D74 /* WhatTheDiffTests.swift */; };
		67ACA9252A961F89003A0D74 /* WhatTheDiffUITests.swift in Sources */ = {isa = PBXBuildFile; fileRef = 67ACA9242A961F89003A0D74 /* WhatTheDiffUITests.swift */; };
		67ACA9272A961F89003A0D74 /* WhatTheDiffUITestsLaunchTests.swift in Sources */ = {isa = PBXBuildFile; fileRef = 67ACA9262A961F89003A0D74 /* WhatTheDiffUITestsLaunchTests.swift */; };
/* End PBXBuildFile section */

/* Begin PBXContainerItemProxy section */
		67ACA9172A961F89003A0D74 /* PBXContainerItemProxy */ = {
			isa = PBXContainerItemProxy;
			containerPortal = 67ACA8FD2A961F88003A0D74 /* Project object */;
			proxyType = 1;
			remoteGlobalIDString = 67ACA9042A961F88003A0D74;
			remoteInfo = WhatTheDiff;
		};
		67ACA9212A961F89003A0D74 /* PBXContainerItemProxy */ = {
			isa = PBXContainerItemProxy;
			containerPortal = 67ACA8FD2A961F88003A0D74 /* Project object */;
			proxyType = 1;
			remoteGlobalIDString = 67ACA9042A961F88003A0D74;
			remoteInfo = WhatTheDiff;
		};
/* End PBXContainerItemProxy section */

/* Begin PBXFileReference section */
		67ACA9052A961F88003A0D74 /* WhatTheDiff.app */ = {isa = PBXFileReference; explicitFileType = wrapper.application; includeInIndex = 0; path = WhatTheDiff.app; sourceTree = BUILT_PRODUCTS_DIR; };
		67ACA9082A961F88003A0D74 /* WhatTheDiffApp.swift */ = {isa = PBXFileReference; lastKnownFileType = sourcecode.swift; path = WhatTheDiffApp.swift; sourceTree = "<group>"; };
		67ACA90A2A961F88003A0D74 /* ContentView.swift */ = {isa = PBXFileReference; lastKnownFileType = sourcecode.swift; path = ContentView.swift; sourceTree = "<group>"; };
		67ACA90C2A961F89003A0D74 /* Assets.xcassets */ = {isa = PBXFileReference; lastKnownFileType = folder.assetcatalog; path = Assets.xcassets; sourceTree = "<group>"; };
		67ACA90F2A961F89003A0D74 /* Preview Assets.xcassets */ = {isa = PBXFileReference; lastKnownFileType = folder.assetcatalog; path = "Preview Assets.xcassets"; sourceTree = "<group>"; };
		67ACA9112A961F89003A0D74 /* WhatTheDiff.entitlements */ = {isa = PBXFileReference; lastKnownFileType = text.plist.entitlements; path = WhatTheDiff.entitlements; sourceTree = "<group>"; };
		67ACA9162A961F89003A0D74 /* WhatTheDiffTests.xctest */ = {isa = PBXFileReference; explicitFileType = wrapper.cfbundle; includeInIndex = 0; path = WhatTheDiffTests.xctest; sourceTree = BUILT_PRODUCTS_DIR; };
		67ACA91A2A961F89003A0D74 /* WhatTheDiffTests.swift */ = {isa = PBXFileReference; lastKnownFileType = sourcecode.swift; path = WhatTheDiffTests.swift; sourceTree = "<group>"; };
		67ACA9202A961F89003A0D74 /* WhatTheDiffUITests.xctest */ = {isa = PBXFileReference; explicitFileType = wrapper.cfbundle; includeInIndex = 0; path = WhatTheDiffUITests.xctest; sourceTree = BUILT_PRODUCTS_DIR; };
		67ACA9242A961F89003A0D74 /* WhatTheDiffUITests.swift */ = {isa = PBXFileReference; lastKnownFileType = sourcecode.swift; path = WhatTheDiffUITests.swift; sourceTree = "<group>"; };
		67ACA9262A961F89003A0D74 /* WhatTheDiffUITestsLaunchTests.swift */ = {isa = PBXFileReference; lastKnownFileType = sourcecode.swift; path = WhatTheDiffUITestsLaunchTests.swift; sourceTree = "<group>"; };
/* End PBXFileReference section */

/* Begin PBXFrameworksBuildPhase section */
		67ACA9022A961F88003A0D74 /* Frameworks */ = {
			isa = PBXFrameworksBuildPhase;
			buildActionMask = 2147483647;
			files = (
			);
			runOnlyForDeploymentPostprocessing = 0;
		};
		67ACA9132A961F89003A0D74 /* Frameworks */ = {
			isa = PBXFrameworksBuildPhase;
			buildActionMask = 2147483647;
			files = (
			);
			runOnlyForDeploymentPostprocessing = 0;
		};
		67ACA91D2A961F89003A0D74 /* Frameworks */ = {
			isa = PBXFrameworksBuildPhase;
			buildActionMask = 2147483647;
			files = (
			);
			runOnlyForDeploymentPostprocessing = 0;
		};
/* End PBXFrameworksBuildPhase section */

/* Begin PBXGroup section */
		67ACA8FC2A961F88003A0D74 = {
			isa = PBXGroup;
			children = (
				67ACA9072A961F88003A0D74 /* WhatTheDiff */,
				67ACA9192A961F89003A0D74 /* WhatTheDiffTests */,
				67ACA9232A961F89003A0D74 /* WhatTheDiffUITests */,
				67ACA9062A961F88003A0D74 /* Products */,
			);
			sourceTree = "<group>";
		};
		67ACA9062A961F88003A0D74 /* Products */ = {
			isa = PBXGroup;
			children = (
				67ACA9052A961F88003A0D74 /* WhatTheDiff.app */,
				67ACA9162A961F89003A0D74 /* WhatTheDiffTests.xctest */,
				67ACA9202A961F89003A0D74 /* WhatTheDiffUITests.xctest */,
			);
			name = Products;
			sourceTree = "<group>";
		};
		67ACA9072A961F88003A0D74 /* WhatTheDiff */ = {
			isa = PBXGroup;
			children = (
				67ACA9082A961F88003A0D74 /* WhatTheDiffApp.swift */,
				67ACA90A2A961F88003A0D74 /* ContentView.swift */,
				67ACA90C2A961F89003A0D74 /* Assets.xcassets */,
				67ACA9112A961F89003A0D74 /* WhatTheDiff.entitlements */,
				67ACA90E2A961F89003A0D74 /* Preview Content */,
			);
			path = WhatTheDiff;
			sourceTree = "<group>";
		};
		67ACA90E2A961F89003A0D74 /* Preview Content */ = {
			isa = PBXGroup;
			children = (
				67ACA90F2A961F89003A0D74 /* Preview Assets.xcassets */,
			);
			path = "Preview Content";
			sourceTree = "<group>";
		};
		67ACA9192A961F89003A0D74 /* WhatTheDiffTests */ = {
			isa = PBXGroup;
			children = (
				67ACA91A2A961F89003A0D74 /* WhatTheDiffTests.swift */,
			);
			path = WhatTheDiffTests;
			sourceTree = "<group>";
		};
		67ACA9232A961F89003A0D74 /* WhatTheDiffUITests */ = {
			isa = PBXGroup;
			children = (
				67ACA9242A961F89003A0D74 /* WhatTheDiffUITests.swift */,
				67ACA9262A961F89003A0D74 /* WhatTheDiffUITestsLaunchTests.swift */,
			);
			path = WhatTheDiffUITests;
			sourceTree = "<group>";
		};
/* End PBXGroup section */

/* Begin PBXNativeTarget section */
		67ACA9042A961F88003A0D74 /* WhatTheDiff */ = {
			isa = PBXNativeTarget;
			buildConfigurationList = 67ACA92A2A961F89003A0D74 /* Build configuration list for PBXNativeTarget "WhatTheDiff" */;
			buildPhases = (
				67ACA9012A961F88003A0D74 /* Sources */,
				67ACA9022A961F88003A0D74 /* Frameworks */,
				67ACA9032A961F88003A0D74 /* Resources */,
			);
			buildRules = (
			);
			dependencies = (
			);
			name = WhatTheDiff;
			productName = WhatTheDiff;
			productReference = 67ACA9052A961F88003A0D74 /* WhatTheDiff.app */;
			productType = "com.apple.product-type.application";
		};
		67ACA9152A961F89003A0D74 /* WhatTheDiffTests */ = {
			isa = PBXNativeTarget;
			buildConfigurationList = 67ACA92D2A961F89003A0D74 /* Build configuration list for PBXNativeTarget "WhatTheDiffTests" */;
			buildPhases = (
				67ACA9122A961F89003A0D74 /* Sources */,
				67ACA9132A961F89003A0D74 /* Frameworks */,
				67ACA9142A961F89003A0D74 /* Resources */,
			);
			buildRules = (
			);
			dependencies = (
				67ACA9182A961F89003A0D74 /* PBXTargetDependency */,
			);
			name = WhatTheDiffTests;
			productName = WhatTheDiffTests;
			productReference = 67ACA9162A961F89003A0D74 /* WhatTheDiffTests.xctest */;
			productType = "com.apple.product-type.bundle.unit-test";
		};
		67ACA91F2A961F89003A0D74 /* WhatTheDiffUITests */ = {
			isa = PBXNativeTarget;
			buildConfigurationList = 67ACA9302A961F89003A0D74 /* Build configuration list for PBXNativeTarget "WhatTheDiffUITests" */;
			buildPhases = (
				67ACA91C2A961F89003A0D74 /* Sources */,
				67ACA91D2A961F89003A0D74 /* Frameworks */,
				67ACA91E2A961F89003A0D74 /* Resources */,
			);
			buildRules = (
			);
			dependencies = (
				67ACA9222A961F89003A0D74 /* PBXTargetDependency */,
			);
			name = WhatTheDiffUITests;
			productName = WhatTheDiffUITests;
			productReference = 67ACA9202A961F89003A0D74 /* WhatTheDiffUITests.xctest */;
			productType = "com.apple.product-type.bundle.ui-testing";
		};
/* End PBXNativeTarget section */

/* Begin PBXProject section */
		67ACA8FD2A961F88003A0D74 /* Project object */ = {
			isa = PBXProject;
			attributes = {
				BuildIndependentTargetsInParallel = 1;
				LastSwiftUpdateCheck = 1430;
				LastUpgradeCheck = 1430;
				TargetAttributes = {
					67ACA9042A961F88003A0D74 = {
						CreatedOnToolsVersion = 14.3.1;
					};
					67ACA9152A961F89003A0D74 = {
						CreatedOnToolsVersion = 14.3.1;
						TestTargetID = 67ACA9042A961F88003A0D74;
					};
					67ACA91F2A961F89003A0D74 = {
						CreatedOnToolsVersion = 14.3.1;
						TestTargetID = 67ACA9042A961F88003A0D74;
					};
				};
			};
			buildConfigurationList = 67ACA9002A961F88003A0D74 /* Build configuration list for PBXProject "WhatTheDiff" */;
			compatibilityVersion = "Xcode 14.0";
			developmentRegion = en;
			hasScannedForEncodings = 0;
			knownRegions = (
				en,
				Base,
			);
			mainGroup = 67ACA8FC2A961F88003A0D74;
			productRefGroup = 67ACA9062A961F88003A0D74 /* Products */;
			projectDirPath = "";
			projectRoot = "";
			targets = (
				67ACA9042A961F88003A0D74 /* WhatTheDiff */,
				67ACA9152A961F89003A0D74 /* WhatTheDiffTests */,
				67ACA91F2A961F89003A0D74 /* WhatTheDiffUITests */,
			);
		};
/* End PBXProject section */

/* Begin PBXResourcesBuildPhase section */
		67ACA9032A961F88003A0D74 /* Resources */ = {
			isa = PBXResourcesBuildPhase;
			buildActionMask = 2147483647;
			files = (
				67ACA9102A961F89003A0D74 /* Preview Assets.xcassets in Resources */,
				67ACA90D2A961F89003A0D74 /* Assets.xcassets in Resources */,
			);
			runOnlyForDeploymentPostprocessing = 0;
		};
		67ACA9142A961F89003A0D74 /* Resources */ = {
			isa = PBXResourcesBuildPhase;
			buildActionMask = 2147483647;
			files = (
			);
			runOnlyForDeploymentPostprocessing = 0;
		};
		67ACA91E2A961F89003A0D74 /* Resources */ = {
			isa = PBXResourcesBuildPhase;
			buildActionMask = 2147483647;
			files = (
			);
			runOnlyForDeploymentPostprocessing = 0;
		};
/* End PBXResourcesBuildPhase section */

/* Begin PBXSourcesBuildPhase section */
		67ACA9012A961F88003A0D74 /* Sources */ = {
			isa = PBXSourcesBuildPhase;
			buildActionMask = 2147483647;
			files = (
				67ACA90B2A961F88003A0D74 /* ContentView.swift in Sources */,
				67ACA9092A961F88003A0D74 /* WhatTheDiffApp.swift in Sources */,
			);
			runOnlyForDeploymentPostprocessing = 0;
		};
		67ACA9122A961F89003A0D74 /* Sources */ = {
			isa = PBXSourcesBuildPhase;
			buildActionMask = 2147483647;
			files = (
				67ACA91B2A961F89003A0D74 /* WhatTheDiffTests.swift in Sources */,
			);
			runOnlyForDeploymentPostprocessing = 0;
		};
		67ACA91C2A961F89003A0D74 /* Sources */ = {
			isa = PBXSourcesBuildPhase;
			buildActionMask = 2147483647;
			files = (
				67ACA9252A961F89003A0D74 /* WhatTheDiffUITests.swift in Sources */,
				67ACA9272A961F89003A0D74 /* WhatTheDiffUITestsLaunchTests.swift in Sources */,
			);
			runOnlyForDeploymentPostprocessing = 0;
		};
/* End PBXSourcesBuildPhase section */

/* Begin PBXTargetDependency section */
		67ACA9182A961F89003A0D74 /* PBXTargetDependency */ = {
			isa = PBXTargetDependency;
			target = 67ACA9042A961F88003A0D74 /* WhatTheDiff */;
			targetProxy = 67ACA9172A961F89003A0D74 /* PBXContainerItemProxy */;
		};
		67ACA9222A961F89003A0D74 /* PBXTargetDependency */ = {
			isa = PBXTargetDependency;
			target = 67ACA9042A961F88003A0D74 /* WhatTheDiff */;
			targetProxy = 67ACA9212A961F89003A0D74 /* PBXContainerItemProxy */;
		};
/* End PBXTargetDependency section */

/* Begin XCBuildConfiguration section */
		67ACA9282A961F89003A0D74 /* Debug */ = {
			isa = XCBuildConfiguration;
			buildSettings = {
				ALWAYS_SEARCH_USER_PATHS = NO;
				CLANG_ANALYZER_NONNULL = YES;
				CLANG_ANALYZER_NUMBER_OBJECT_CONVERSION = YES_AGGRESSIVE;
				CLANG_CXX_LANGUAGE_STANDARD = "gnu++20";
				CLANG_ENABLE_MODULES = YES;
				CLANG_ENABLE_OBJC_ARC = YES;
				CLANG_ENABLE_OBJC_WEAK = YES;
				CLANG_WARN_BLOCK_CAPTURE_AUTORELEASING = YES;
				CLANG_WARN_BOOL_CONVERSION = YES;
				CLANG_WARN_COMMA = YES;
				CLANG_WARN_CONSTANT_CONVERSION = YES;
				CLANG_WARN_DEPRECATED_OBJC_IMPLEMENTATIONS = YES;
				CLANG_WARN_DIRECT_OBJC_ISA_USAGE = YES_ERROR;
				CLANG_WARN_DOCUMENTATION_COMMENTS = YES;
				CLANG_WARN_EMPTY_BODY = YES;
				CLANG_WARN_ENUM_CONVERSION = YES;
				CLANG_WARN_INFINITE_RECURSION = YES;
				CLANG_WARN_INT_CONVERSION = YES;
				CLANG_WARN_NON_LITERAL_NULL_CONVERSION = YES;
				CLANG_WARN_OBJC_IMPLICIT_RETAIN_SELF = YES;
				CLANG_WARN_OBJC_LITERAL_CONVERSION = YES;
				CLANG_WARN_OBJC_ROOT_CLASS = YES_ERROR;
				CLANG_WARN_QUOTED_INCLUDE_IN_FRAMEWORK_HEADER = YES;
				CLANG_WARN_RANGE_LOOP_ANALYSIS = YES;
				CLANG_WARN_STRICT_PROTOTYPES = YES;
				CLANG_WARN_SUSPICIOUS_MOVE = YES;
				CLANG_WARN_UNGUARDED_AVAILABILITY = YES_AGGRESSIVE;
				CLANG_WARN_UNREACHABLE_CODE = YES;
				CLANG_WARN__DUPLICATE_METHOD_MATCH = YES;
				COPY_PHASE_STRIP = NO;
				DEBUG_INFORMATION_FORMAT = dwarf;
				ENABLE_STRICT_OBJC_MSGSEND = YES;
				ENABLE_TESTABILITY = YES;
				GCC_C_LANGUAGE_STANDARD = gnu11;
				GCC_DYNAMIC_NO_PIC = NO;
				GCC_NO_COMMON_BLOCKS = YES;
				GCC_OPTIMIZATION_LEVEL = 0;
				GCC_PREPROCESSOR_DEFINITIONS = (
					"DEBUG=1",
					"$(inherited)",
				);
				GCC_WARN_64_TO_32_BIT_CONVERSION = YES;
				GCC_WARN_ABOUT_RETURN_TYPE = YES_ERROR;
				GCC_WARN_UNDECLARED_SELECTOR = YES;
				GCC_WARN_UNINITIALIZED_AUTOS = YES_AGGRESSIVE;
				GCC_WARN_UNUSED_FUNCTION = YES;
				GCC_WARN_UNUSED_VARIABLE = YES;
				MACOSX_DEPLOYMENT_TARGET = 13.3;
				MTL_ENABLE_DEBUG_INFO = INCLUDE_SOURCE;
				MTL_FAST_MATH = YES;
				ONLY_ACTIVE_ARCH = YES;
				SDKROOT = macosx;
				SWIFT_ACTIVE_COMPILATION_CONDITIONS = DEBUG;
				SWIFT_OPTIMIZATION_LEVEL = "-Onone";
			};
			name = Debug;
		};
		67ACA9292A961F89003A0D74 /* Release */ = {
			isa = XCBuildConfiguration;
			buildSettings = {
				ALWAYS_SEARCH_USER_PATHS = NO;
				CLANG_ANALYZER_NONNULL = YES;
				CLANG_ANALYZER_NUMBER_OBJECT_CONVERSION = YES_AGGRESSIVE;
				CLANG_CXX_LANGUAGE_STANDARD = "gnu++20";
				CLANG_ENABLE_MODULES = YES;
				CLANG_ENABLE_OBJC_ARC = YES;
				CLANG_ENABLE_OBJC_WEAK = YES;
				CLANG_WARN_BLOCK_CAPTURE_AUTORELEASING = YES;
				CLANG_WARN_BOOL_CONVERSION = YES;
				CLANG_WARN_COMMA = YES;
				CLANG_WARN_CONSTANT_CONVERSION = YES;
				CLANG_WARN_DEPRECATED_OBJC_IMPLEMENTATIONS = YES;
				CLANG_WARN_DIRECT_OBJC_ISA_USAGE = YES_ERROR;
				CLANG_WARN_DOCUMENTATION_COMMENTS = YES;
				CLANG_WARN_EMPTY_BODY = YES;
				CLANG_WARN_ENUM_CONVERSION = YES;
				CLANG_WARN_INFINITE_RECURSION = YES;
				CLANG_WARN_INT_CONVERSION = YES;
				CLANG_WARN_NON_LITERAL_NULL_CONVERSION = YES;
				CLANG_WARN_OBJC_IMPLICIT_RETAIN_SELF = YES;
				CLANG_WARN_OBJC_LITERAL_CONVERSION = YES;
				CLANG_WARN_OBJC_ROOT_CLASS = YES_ERROR;
				CLANG_WARN_QUOTED_INCLUDE_IN_FRAMEWORK_HEADER = YES;
				CLANG_WARN_RANGE_LOOP_ANALYSIS = YES;
				CLANG_WARN_STRICT_PROTOTYPES = YES;
				CLANG_WARN_SUSPICIOUS_MOVE = YES;
				CLANG_WARN_UNGUARDED_AVAILABILITY = YES_AGGRESSIVE;
				CLANG_WARN_UNREACHABLE_CODE = YES;
				CLANG_WARN__DUPLICATE_METHOD_MATCH = YES;
				COPY_PHASE_STRIP = NO;
				DEBUG_INFORMATION_FORMAT = "dwarf-with-dsym";
				ENABLE_NS_ASSERTIONS = NO;
				ENABLE_STRICT_OBJC_MSGSEND = YES;
				GCC_C_LANGUAGE_STANDARD = gnu11;
				GCC_NO_COMMON_BLOCKS = YES;
				GCC_WARN_64_TO_32_BIT_CONVERSION = YES;
				GCC_WARN_ABOUT_RETURN_TYPE = YES_ERROR;
				GCC_WARN_UNDECLARED_SELECTOR = YES;
				GCC_WARN_UNINITIALIZED_AUTOS = YES_AGGRESSIVE;
				GCC_WARN_UNUSED_FUNCTION = YES;
				GCC_WARN_UNUSED_VARIABLE = YES;
				MACOSX_DEPLOYMENT_TARGET = 13.3;
				MTL_ENABLE_DEBUG_INFO = NO;
				MTL_FAST_MATH = YES;
				SDKROOT = macosx;
				SWIFT_COMPILATION_MODE = wholemodule;
				SWIFT_OPTIMIZATION_LEVEL = "-O";
			};
			name = Release;
		};
		67ACA92B2A961F89003A0D74 /* Debug */ = {
			isa = XCBuildConfiguration;
			buildSettings = {
				ASSETCATALOG_COMPILER_APPICON_NAME = AppIcon;
				ASSETCATALOG_COMPILER_GLOBAL_ACCENT_COLOR_NAME = AccentColor;
				CODE_SIGN_ENTITLEMENTS = WhatTheDiff/WhatTheDiff.entitlements;
				CODE_SIGN_STYLE = Automatic;
				COMBINE_HIDPI_IMAGES = YES;
				CURRENT_PROJECT_VERSION = 1;
				DEVELOPMENT_ASSET_PATHS = "\"WhatTheDiff/Preview Content\"";
				ENABLE_PREVIEWS = YES;
				GENERATE_INFOPLIST_FILE = YES;
				INFOPLIST_KEY_NSHumanReadableCopyright = "";
				LD_RUNPATH_SEARCH_PATHS = (
					"$(inherited)",
					"@executable_path/../Frameworks",
				);
				MARKETING_VERSION = 1.0;
				PRODUCT_BUNDLE_IDENTIFIER = me.dylancawsey.WhatTheDiff;
				PRODUCT_NAME = "$(TARGET_NAME)";
				SWIFT_EMIT_LOC_STRINGS = YES;
				SWIFT_VERSION = 5.0;
			};
			name = Debug;
		};
		67ACA92C2A961F89003A0D74 /* Release */ = {
			isa = XCBuildConfiguration;
			buildSettings = {
				ASSETCATALOG_COMPILER_APPICON_NAME = AppIcon;
				ASSETCATALOG_COMPILER_GLOBAL_ACCENT_COLOR_NAME = AccentColor;
				CODE_SIGN_ENTITLEMENTS = WhatTheDiff/WhatTheDiff.entitlements;
				CODE_SIGN_STYLE = Automatic;
				COMBINE_HIDPI_IMAGES = YES;
				CURRENT_PROJECT_VERSION = 1;
				DEVELOPMENT_ASSET_PATHS = "\"WhatTheDiff/Preview Content\"";
				ENABLE_PREVIEWS = YES;
				GENERATE_INFOPLIST_FILE = YES;
				INFOPLIST_KEY_NSHumanReadableCopyright = "";
				LD_RUNPATH_SEARCH_PATHS = (
					"$(inherited)",
					"@executable_path/../Frameworks",
				);
				MARKETING_VERSION = 1.0;
				PRODUCT_BUNDLE_IDENTIFIER = me.dylancawsey.WhatTheDiff;
				PRODUCT_NAME = "$(TARGET_NAME)";
				SWIFT_EMIT_LOC_STRINGS = YES;
				SWIFT_VERSION = 5.0;
			};
			name = Release;
		};
		67ACA92E2A961F89003A0D74 /* Debug */ = {
			isa = XCBuildConfiguration;
			buildSettings = {
				ALWAYS_EMBED_SWIFT_STANDARD_LIBRARIES = YES;
				BUNDLE_LOADER = "$(TEST_HOST)";
				CODE_SIGN_STYLE = Automatic;
				CURRENT_PROJECT_VERSION = 1;
				GENERATE_INFOPLIST_FILE = YES;
				MACOSX_DEPLOYMENT_TARGET = 13.3;
				MARKETING_VERSION = 1.0;
				PRODUCT_BUNDLE_IDENTIFIER = me.dylancawsey.WhatTheDiffTests;
				PRODUCT_NAME = "$(TARGET_NAME)";
				SWIFT_EMIT_LOC_STRINGS = NO;
				SWIFT_VERSION = 5.0;
				TEST_HOST = "$(BUILT_PRODUCTS_DIR)/WhatTheDiff.app/$(BUNDLE_EXECUTABLE_FOLDER_PATH)/WhatTheDiff";
			};
			name = Debug;
		};
		67ACA92F2A961F89003A0D74 /* Release */ = {
			isa = XCBuildConfiguration;
			buildSettings = {
				ALWAYS_EMBED_SWIFT_STANDARD_LIBRARIES = YES;
				BUNDLE_LOADER = "$(TEST_HOST)";
				CODE_SIGN_STYLE = Automatic;
				CURRENT_PROJECT_VERSION = 1;
				GENERATE_INFOPLIST_FILE = YES;
				MACOSX_DEPLOYMENT_TARGET = 13.3;
				MARKETING_VERSION = 1.0;
				PRODUCT_BUNDLE_IDENTIFIER = me.dylancawsey.WhatTheDiffTests;
				PRODUCT_NAME = "$(TARGET_NAME)";
				SWIFT_EMIT_LOC_STRINGS = NO;
				SWIFT_VERSION = 5.0;
				TEST_HOST = "$(BUILT_PRODUCTS_DIR)/WhatTheDiff.app/$(BUNDLE_EXECUTABLE_FOLDER_PATH)/WhatTheDiff";
			};
			name = Release;
		};
		67ACA9312A961F89003A0D74 /* Debug */ = {
			isa = XCBuildConfiguration;
			buildSettings = {
				ALWAYS_EMBED_SWIFT_STANDARD_LIBRARIES = YES;
				CODE_SIGN_STYLE = Automatic;
				CURRENT_PROJECT_VERSION = 1;
				GENERATE_INFOPLIST_FILE = YES;
				MARKETING_VERSION = 1.0;
				PRODUCT_BUNDLE_IDENTIFIER = me.dylancawsey.WhatTheDiffUITests;
				PRODUCT_NAME = "$(TARGET_NAME)";
				SWIFT_EMIT_LOC_STRINGS = NO;
				SWIFT_VERSION = 5.0;
				TEST_TARGET_NAME = WhatTheDiff;
			};
			name = Debug;
		};
		67ACA9322A961F89003A0D74 /* Release */ = {
			isa = XCBuildConfiguration;
			buildSettings = {
				ALWAYS_EMBED_SWIFT_STANDARD_LIBRARIES = YES;
				CODE_SIGN_STYLE = Automatic;
				CURRENT_PROJECT_VERSION = 1;
				GENERATE_INFOPLIST_FILE = YES;
				MARKETING_VERSION = 1.0;
				PRODUCT_BUNDLE_IDENTIFIER = me.dylancawsey.WhatTheDiffUITests;
				PRODUCT_NAME = "$(TARGET_NAME)";
				SWIFT_EMIT_LOC_STRINGS = NO;
				SWIFT_VERSION = 5.0;
				TEST_TARGET_NAME = WhatTheDiff;
			};
			name = Release;
		};
/* End XCBuildConfiguration section */

/* Begin XCConfigurationList section */
		67ACA9002A961F88003A0D74 /* Build configuration list for PBXProject "WhatTheDiff" */ = {
			isa = XCConfigurationList;
			buildConfigurations = (
				67ACA9282A961F89003A0D74 /* Debug */,
				67ACA9292A961F89003A0D74 /* Release */,
			);
			defaultConfigurationIsVisible = 0;
			defaultConfigurationName = Release;
		};
		67ACA92A2A961F89003A0D74 /* Build configuration list for PBXNativeTarget "WhatTheDiff" */ = {
			isa = XCConfigurationList;
			buildConfigurations = (
				67ACA92B2A961F89003A0D74 /* Debug */,
				67ACA92C2A961F89003A0D74 /* Release */,
			);
			defaultConfigurationIsVisible = 0;
			defaultConfigurationName = Release;
		};
		67ACA92D2A961F89003A0D74 /* Build configuration list for PBXNativeTarget "WhatTheDiffTests" */ = {
			isa = XCConfigurationList;
			buildConfigurations = (
				67ACA92E2A961F89003A0D74 /* Debug */,
				67ACA92F2A961F89003A0D74 /* Release */,
			);
			defaultConfigurationIsVisible = 0;
			defaultConfigurationName = Release;
		};
		67ACA9302A961F89003A0D74 /* Build configuration list for PBXNativeTarget "WhatTheDiffUITests" */ = {
			isa = XCConfigurationList;
			buildConfigurations = (
				67ACA9312A961F89003A0D74 /* Debug */,
				67ACA9322A961F89003A0D74 /* Release */,
			);
			defaultConfigurationIsVisible = 0;
			defaultConfigurationName = Release;
		};
/* End XCConfigurationList section */
	};
	rootObject = 67ACA8FD2A961F88003A0D74 /* Project object */;
}
